
Microsoft Visual Studio Solution File, Format Version 12.00
# Visual Studio 14
VisualStudioVersion = 14.0.25420.1
MinimumVisualStudioVersion = 10.0.40219.1
Project("{2150E333-8FDC-42A3-9474-1A3956D46DE8}") = "UnitTest", "UnitTest", "{1221F874-7083-4EA7-94CF-D8381B65EACB}"
EndProject
Project("{2150E333-8FDC-42A3-9474-1A3956D46DE8}") = "nuget", "nuget", "{477BE195-CBB7-4837-A2D9-75E5D35F3961}"
	ProjectSection(SolutionItems) = preProject
		nuget\build.cmd = nuget\build.cmd
		nuget\MassActivation.nuspec = nuget\MassActivation.nuspec
		nuget\nuget.config = nuget\nuget.config
	EndProjectSection
EndProject
Project("{2150E333-8FDC-42A3-9474-1A3956D46DE8}") = "Solution Items", "Solution Items", "{CBC4B7FB-ED20-42F0-AB6F-14552F8427A6}"
	ProjectSection(SolutionItems) = preProject
		LICENSE = LICENSE
		Readme.md = Readme.md
	EndProjectSection
EndProject
Project("{FAE04EC0-301F-11D3-BF4B-00C04F79EFBC}") = "MassActivation.40", "src\MassActivation.40.csproj", "{372427EA-7535-42B7-886D-E254E67670CE}"
EndProject
Project("{FAE04EC0-301F-11D3-BF4B-00C04F79EFBC}") = "MassActivation.451", "src\MassActivation.451.csproj", "{D1AEB6FD-58A5-438D-8E60-97FD06F5278A}"
EndProject
Project("{FAE04EC0-301F-11D3-BF4B-00C04F79EFBC}") = "MassActivation.35", "src\MassActivation.35.csproj", "{8BD85022-609E-431C-A3DF-F95B9147D37F}"
EndProject
Project("{2150E333-8FDC-42A3-9474-1A3956D46DE8}") = "Core", "Core", "{D55E3A34-23BA-4576-BC80-212AF4E65335}"
EndProject
Project("{2150E333-8FDC-42A3-9474-1A3956D46DE8}") = "Samples", "Samples", "{5E34DAA2-083D-426F-B121-F4CA03F96DF4}"
EndProject
Project("{FAE04EC0-301F-11D3-BF4B-00C04F79EFBC}") = "MassActivation.Console", "samples\MassActivation.Console\MassActivation.Console.csproj", "{C2576D39-EC65-4F1A-8982-0A175E92F947}"
EndProject
Project("{FAE04EC0-301F-11D3-BF4B-00C04F79EFBC}") = "MassActivation.WinForm", "samples\MassActivation.WinForm\MassActivation.WinForm.csproj", "{7757200B-1EBF-420B-8C70-2FE46B5A8A38}"
EndProject
Project("{FAE04EC0-301F-11D3-BF4B-00C04F79EFBC}") = "MassActivation.Services", "samples\MassActivation.Services\MassActivation.Services.csproj", "{8FF50E2C-45AF-44FC-A892-D62848E8CA9A}"
EndProject
Global
	GlobalSection(SolutionConfigurationPlatforms) = preSolution
		Debug|Any CPU = Debug|Any CPU
		Release|Any CPU = Release|Any CPU
	EndGlobalSection
	GlobalSection(ProjectConfigurationPlatforms) = postSolution
		{372427EA-7535-42B7-886D-E254E67670CE}.Debug|Any CPU.ActiveCfg = Debug|Any CPU
		{372427EA-7535-42B7-886D-E254E67670CE}.Debug|Any CPU.Build.0 = Debug|Any CPU
		{372427EA-7535-42B7-886D-E254E67670CE}.Release|Any CPU.ActiveCfg = Release|Any CPU
		{372427EA-7535-42B7-886D-E254E67670CE}.Release|Any CPU.Build.0 = Release|Any CPU
		{D1AEB6FD-58A5-438D-8E60-97FD06F5278A}.Debug|Any CPU.ActiveCfg = Debug|Any CPU
		{D1AEB6FD-58A5-438D-8E60-97FD06F5278A}.Debug|Any CPU.Build.0 = Debug|Any CPU
		{D1AEB6FD-58A5-438D-8E60-97FD06F5278A}.Release|Any CPU.ActiveCfg = Release|Any CPU
		{D1AEB6FD-58A5-438D-8E60-97FD06F5278A}.Release|Any CPU.Build.0 = Release|Any CPU
		{8BD85022-609E-431C-A3DF-F95B9147D37F}.Debug|Any CPU.ActiveCfg = Debug|Any CPU
		{8BD85022-609E-431C-A3DF-F95B9147D37F}.Debug|Any CPU.Build.0 = Debug|Any CPU
		{8BD85022-609E-431C-A3DF-F95B9147D37F}.Release|Any CPU.ActiveCfg = Release|Any CPU
		{8BD85022-609E-431C-A3DF-F95B9147D37F}.Release|Any CPU.Build.0 = Release|Any CPU
		{C2576D39-EC65-4F1A-8982-0A175E92F947}.Debug|Any CPU.ActiveCfg = Debug|Any CPU
		{C2576D39-EC65-4F1A-8982-0A175E92F947}.Debug|Any CPU.Build.0 = Debug|Any CPU
		{C2576D39-EC65-4F1A-8982-0A175E92F947}.Release|Any CPU.ActiveCfg = Release|Any CPU
		{C2576D39-EC65-4F1A-8982-0A175E92F947}.Release|Any CPU.Build.0 = Release|Any CPU
		{7757200B-1EBF-420B-8C70-2FE46B5A8A38}.Debug|Any CPU.ActiveCfg = Debug|Any CPU
		{7757200B-1EBF-420B-8C70-2FE46B5A8A38}.Debug|Any CPU.Build.0 = Debug|Any CPU
		{7757200B-1EBF-420B-8C70-2FE46B5A8A38}.Release|Any CPU.ActiveCfg = Release|Any CPU
		{7757200B-1EBF-420B-8C70-2FE46B5A8A38}.Release|Any CPU.Build.0 = Release|Any CPU
		{8FF50E2C-45AF-44FC-A892-D62848E8CA9A}.Debug|Any CPU.ActiveCfg = Debug|Any CPU
		{8FF50E2C-45AF-44FC-A892-D62848E8CA9A}.Debug|Any CPU.Build.0 = Debug|Any CPU
		{8FF50E2C-45AF-44FC-A892-D62848E8CA9A}.Release|Any CPU.ActiveCfg = Release|Any CPU
		{8FF50E2C-45AF-44FC-A892-D62848E8CA9A}.Release|Any CPU.Build.0 = Release|Any CPU
	EndGlobalSection
	GlobalSection(SolutionProperties) = preSolution
		HideSolutionNode = FALSE
	EndGlobalSection
	GlobalSection(NestedProjects) = preSolution
		{372427EA-7535-42B7-886D-E254E67670CE} = {D55E3A34-23BA-4576-BC80-212AF4E65335}
		{D1AEB6FD-58A5-438D-8E60-97FD06F5278A} = {D55E3A34-23BA-4576-BC80-212AF4E65335}
		{8BD85022-609E-431C-A3DF-F95B9147D37F} = {D55E3A34-23BA-4576-BC80-212AF4E65335}
		{C2576D39-EC65-4F1A-8982-0A175E92F947} = {5E34DAA2-083D-426F-B121-F4CA03F96DF4}
		{7757200B-1EBF-420B-8C70-2FE46B5A8A38} = {5E34DAA2-083D-426F-B121-F4CA03F96DF4}
		{8FF50E2C-45AF-44FC-A892-D62848E8CA9A} = {5E34DAA2-083D-426F-B121-F4CA03F96DF4}
	EndGlobalSection
EndGlobal
