
Microsoft Visual Studio Solution File, Format Version 12.00
# Visual Studio 14
VisualStudioVersion = 14.0.25123.0
MinimumVisualStudioVersion = 10.0.40219.1
Project("{FAE04EC0-301F-11D3-BF4B-00C04F79EFBC}") = "Wheatech.Hosting", "src\Wheatech.Hosting.csproj", "{372427EA-7535-42B7-886D-E254E67670CE}"
EndProject
Project("{FAE04EC0-301F-11D3-BF4B-00C04F79EFBC}") = "ReferenceAssembly", "test\ReferenceAssembly\ReferenceAssembly.csproj", "{568F6D31-CD84-40AE-92A5-A4731F86CF5B}"
EndProject
Project("{2150E333-8FDC-42A3-9474-1A3956D46DE8}") = "UnitTest", "UnitTest", "{1221F874-7083-4EA7-94CF-D8381B65EACB}"
EndProject
Project("{FAE04EC0-301F-11D3-BF4B-00C04F79EFBC}") = "Wheatech.Hosting.Tests", "test\Wheatech.Hosting.Tests\Wheatech.Hosting.Tests.csproj", "{2A9C59EA-8696-4EE3-8B7D-D09E40A09A40}"
EndProject
Global
	GlobalSection(SolutionConfigurationPlatforms) = preSolution
		Debug|Any CPU = Debug|Any CPU
		Release|Any CPU = Release|Any CPU
	EndGlobalSection
	GlobalSection(ProjectConfigurationPlatforms) = postSolution
		{372427EA-7535-42B7-886D-E254E67670CE}.Debug|Any CPU.ActiveCfg = Debug|Any CPU
		{372427EA-7535-42B7-886D-E254E67670CE}.Debug|Any CPU.Build.0 = Debug|Any CPU
		{372427EA-7535-42B7-886D-E254E67670CE}.Release|Any CPU.ActiveCfg = Release|Any CPU
		{372427EA-7535-42B7-886D-E254E67670CE}.Release|Any CPU.Build.0 = Release|Any CPU
		{568F6D31-CD84-40AE-92A5-A4731F86CF5B}.Debug|Any CPU.ActiveCfg = Debug|Any CPU
		{568F6D31-CD84-40AE-92A5-A4731F86CF5B}.Debug|Any CPU.Build.0 = Debug|Any CPU
		{568F6D31-CD84-40AE-92A5-A4731F86CF5B}.Release|Any CPU.ActiveCfg = Release|Any CPU
		{568F6D31-CD84-40AE-92A5-A4731F86CF5B}.Release|Any CPU.Build.0 = Release|Any CPU
		{2A9C59EA-8696-4EE3-8B7D-D09E40A09A40}.Debug|Any CPU.ActiveCfg = Debug|Any CPU
		{2A9C59EA-8696-4EE3-8B7D-D09E40A09A40}.Debug|Any CPU.Build.0 = Debug|Any CPU
		{2A9C59EA-8696-4EE3-8B7D-D09E40A09A40}.Release|Any CPU.ActiveCfg = Release|Any CPU
		{2A9C59EA-8696-4EE3-8B7D-D09E40A09A40}.Release|Any CPU.Build.0 = Release|Any CPU
	EndGlobalSection
	GlobalSection(SolutionProperties) = preSolution
		HideSolutionNode = FALSE
	EndGlobalSection
	GlobalSection(NestedProjects) = preSolution
		{568F6D31-CD84-40AE-92A5-A4731F86CF5B} = {1221F874-7083-4EA7-94CF-D8381B65EACB}
		{2A9C59EA-8696-4EE3-8B7D-D09E40A09A40} = {1221F874-7083-4EA7-94CF-D8381B65EACB}
	EndGlobalSection
EndGlobal
